
Microsoft Visual Studio Solution File, Format Version 12.00
# Visual Studio Version 18
VisualStudioVersion = 18.0.11205.157 d18.0
MinimumVisualStudioVersion = 10.0.40219.1
Project("{FAE04EC0-301F-11D3-BF4B-00C04F79EFBC}") = "MojTaxi.ClientApp", "Apps\MojTaxi.ClientApp\MojTaxi.ClientApp.csproj", "{00CBECFA-50B6-4268-8B9B-485E4DF738AE}"
EndProject
Project("{FAE04EC0-301F-11D3-BF4B-00C04F79EFBC}") = "MojTaxi.DriverApp", "Apps\MojTaxi.DriverApp\MojTaxi.DriverApp.csproj", "{62BC2DFA-E037-42B9-A5AE-E73789275EEC}"
EndProject
Project("{FAE04EC0-301F-11D3-BF4B-00C04F79EFBC}") = "MojTaxi.StaticClientApp", "Apps\MojTaxi.StaticClientApp\MojTaxi.StaticClientApp.csproj", "{B73E700E-2485-4A10-8B05-CCEA53329B34}"
EndProject
Project("{FAE04EC0-301F-11D3-BF4B-00C04F79EFBC}") = "MojTaxi.Core", "Libraries\MojTaxi.Core\MojTaxi.Core.csproj", "{AFB9B153-F509-4E09-AA60-FDAC5E6F5D55}"
EndProject
Project("{FAE04EC0-301F-11D3-BF4B-00C04F79EFBC}") = "MojTaxi.ApiClient", "Libraries\MojTaxi.ApiClient\MojTaxi.ApiClient.csproj", "{805A98FE-5380-4B29-A62A-1E90AC77807F}"
EndProject
Project("{2150E333-8FDC-42A3-9474-1A3956D46DE8}") = "Apps", "Apps", "{600391C3-D92F-4628-BD16-AA2C2DAD18EA}"
EndProject
Project("{2150E333-8FDC-42A3-9474-1A3956D46DE8}") = "Libraries", "Libraries", "{0E702A6D-2587-4D04-920F-6362AD4F316B}"
EndProject
Project("{FAE04EC0-301F-11D3-BF4B-00C04F79EFBC}") = "MojTaxi.Storage", "Libraries\MojTaxi.Storage\MojTaxi.Storage.csproj", "{7A461A1C-0478-4B50-8D1E-E1F177F39BCA}"
EndProject
Project("{FAE04EC0-301F-11D3-BF4B-00C04F79EFBC}") = "MojTaxi.Location", "Libraries\MojTaxi.Location\MojTaxi.Location.csproj", "{29950351-0ED5-4C09-B8ED-C7A53547FD7F}"
EndProject
Project("{FAE04EC0-301F-11D3-BF4B-00C04F79EFBC}") = "MojTaxi.Notifications", "Libraries\MojTaxi.Notifications\MojTaxi.Notifications.csproj", "{D6194895-0143-48ED-AB5F-2B069C164B86}"
EndProject
Project("{FAE04EC0-301F-11D3-BF4B-00C04F79EFBC}") = "MojTaxi.Payments", "Libraries\MojTaxi.Payments\MojTaxi.Payments.csproj", "{8D75FC03-0666-4CBA-86CE-941C98B782C8}"
EndProject
Project("{FAE04EC0-301F-11D3-BF4B-00C04F79EFBC}") = "MojTaxi.Components", "Libraries\MojTaxi.Components\MojTaxi.Components.csproj", "{63907CC0-DD01-411B-8898-1A1245FDBEE9}"
EndProject
Project("{FAE04EC0-301F-11D3-BF4B-00C04F79EFBC}") = "MojTaxi.SharedUI", "Libraries\MojTaxi.SharedUI\MojTaxi.SharedUI.csproj", "{CFCD6872-A0AD-4EB1-AFB8-9C89C77D1B27}"
EndProject
Project("{2150E333-8FDC-42A3-9474-1A3956D46DE8}") = "Tooling", "Tooling", "{1323AA08-F91F-4131-A0C3-C55C9FC6B490}"
EndProject
Project("{FAE04EC0-301F-11D3-BF4B-00C04F79EFBC}") = "MojTaxi.DevTools", "Tooling\MojTaxi.DevTools\MojTaxi.DevTools.csproj", "{AE5E1BF6-61AA-456A-BAE8-31FB979BBB69}"
EndProject
Project("{FAE04EC0-301F-11D3-BF4B-00C04F79EFBC}") = "MojTaxi.Client", "MojTaxi.Client\MojTaxi.Client.csproj", "{9F843C6D-3D9D-4D98-B670-37D8360D2474}"
EndProject
Global
	GlobalSection(SolutionConfigurationPlatforms) = preSolution
		Debug|Any CPU = Debug|Any CPU
		Release|Any CPU = Release|Any CPU
	EndGlobalSection
	GlobalSection(ProjectConfigurationPlatforms) = postSolution
		{00CBECFA-50B6-4268-8B9B-485E4DF738AE}.Debug|Any CPU.ActiveCfg = Debug|Any CPU
		{00CBECFA-50B6-4268-8B9B-485E4DF738AE}.Debug|Any CPU.Build.0 = Debug|Any CPU
		{00CBECFA-50B6-4268-8B9B-485E4DF738AE}.Debug|Any CPU.Deploy.0 = Debug|Any CPU
		{00CBECFA-50B6-4268-8B9B-485E4DF738AE}.Release|Any CPU.ActiveCfg = Release|Any CPU
		{00CBECFA-50B6-4268-8B9B-485E4DF738AE}.Release|Any CPU.Build.0 = Release|Any CPU
		{62BC2DFA-E037-42B9-A5AE-E73789275EEC}.Debug|Any CPU.ActiveCfg = Debug|Any CPU
		{62BC2DFA-E037-42B9-A5AE-E73789275EEC}.Debug|Any CPU.Build.0 = Debug|Any CPU
		{62BC2DFA-E037-42B9-A5AE-E73789275EEC}.Release|Any CPU.ActiveCfg = Release|Any CPU
		{62BC2DFA-E037-42B9-A5AE-E73789275EEC}.Release|Any CPU.Build.0 = Release|Any CPU
		{B73E700E-2485-4A10-8B05-CCEA53329B34}.Debug|Any CPU.ActiveCfg = Debug|Any CPU
		{B73E700E-2485-4A10-8B05-CCEA53329B34}.Debug|Any CPU.Build.0 = Debug|Any CPU
		{B73E700E-2485-4A10-8B05-CCEA53329B34}.Release|Any CPU.ActiveCfg = Release|Any CPU
		{B73E700E-2485-4A10-8B05-CCEA53329B34}.Release|Any CPU.Build.0 = Release|Any CPU
		{AFB9B153-F509-4E09-AA60-FDAC5E6F5D55}.Debug|Any CPU.ActiveCfg = Debug|Any CPU
		{AFB9B153-F509-4E09-AA60-FDAC5E6F5D55}.Debug|Any CPU.Build.0 = Debug|Any CPU
		{AFB9B153-F509-4E09-AA60-FDAC5E6F5D55}.Release|Any CPU.ActiveCfg = Release|Any CPU
		{AFB9B153-F509-4E09-AA60-FDAC5E6F5D55}.Release|Any CPU.Build.0 = Release|Any CPU
		{805A98FE-5380-4B29-A62A-1E90AC77807F}.Debug|Any CPU.ActiveCfg = Debug|Any CPU
		{805A98FE-5380-4B29-A62A-1E90AC77807F}.Debug|Any CPU.Build.0 = Debug|Any CPU
		{805A98FE-5380-4B29-A62A-1E90AC77807F}.Release|Any CPU.ActiveCfg = Release|Any CPU
		{805A98FE-5380-4B29-A62A-1E90AC77807F}.Release|Any CPU.Build.0 = Release|Any CPU
		{7A461A1C-0478-4B50-8D1E-E1F177F39BCA}.Debug|Any CPU.ActiveCfg = Debug|Any CPU
		{7A461A1C-0478-4B50-8D1E-E1F177F39BCA}.Debug|Any CPU.Build.0 = Debug|Any CPU
		{7A461A1C-0478-4B50-8D1E-E1F177F39BCA}.Release|Any CPU.ActiveCfg = Release|Any CPU
		{7A461A1C-0478-4B50-8D1E-E1F177F39BCA}.Release|Any CPU.Build.0 = Release|Any CPU
		{29950351-0ED5-4C09-B8ED-C7A53547FD7F}.Debug|Any CPU.ActiveCfg = Debug|Any CPU
		{29950351-0ED5-4C09-B8ED-C7A53547FD7F}.Debug|Any CPU.Build.0 = Debug|Any CPU
		{29950351-0ED5-4C09-B8ED-C7A53547FD7F}.Release|Any CPU.ActiveCfg = Release|Any CPU
		{29950351-0ED5-4C09-B8ED-C7A53547FD7F}.Release|Any CPU.Build.0 = Release|Any CPU
		{D6194895-0143-48ED-AB5F-2B069C164B86}.Debug|Any CPU.ActiveCfg = Debug|Any CPU
		{D6194895-0143-48ED-AB5F-2B069C164B86}.Debug|Any CPU.Build.0 = Debug|Any CPU
		{D6194895-0143-48ED-AB5F-2B069C164B86}.Release|Any CPU.ActiveCfg = Release|Any CPU
		{D6194895-0143-48ED-AB5F-2B069C164B86}.Release|Any CPU.Build.0 = Release|Any CPU
		{8D75FC03-0666-4CBA-86CE-941C98B782C8}.Debug|Any CPU.ActiveCfg = Debug|Any CPU
		{8D75FC03-0666-4CBA-86CE-941C98B782C8}.Debug|Any CPU.Build.0 = Debug|Any CPU
		{8D75FC03-0666-4CBA-86CE-941C98B782C8}.Release|Any CPU.ActiveCfg = Release|Any CPU
		{8D75FC03-0666-4CBA-86CE-941C98B782C8}.Release|Any CPU.Build.0 = Release|Any CPU
		{63907CC0-DD01-411B-8898-1A1245FDBEE9}.Debug|Any CPU.ActiveCfg = Debug|Any CPU
		{63907CC0-DD01-411B-8898-1A1245FDBEE9}.Debug|Any CPU.Build.0 = Debug|Any CPU
		{63907CC0-DD01-411B-8898-1A1245FDBEE9}.Release|Any CPU.ActiveCfg = Release|Any CPU
		{63907CC0-DD01-411B-8898-1A1245FDBEE9}.Release|Any CPU.Build.0 = Release|Any CPU
		{CFCD6872-A0AD-4EB1-AFB8-9C89C77D1B27}.Debug|Any CPU.ActiveCfg = Debug|Any CPU
		{CFCD6872-A0AD-4EB1-AFB8-9C89C77D1B27}.Debug|Any CPU.Build.0 = Debug|Any CPU
		{CFCD6872-A0AD-4EB1-AFB8-9C89C77D1B27}.Release|Any CPU.ActiveCfg = Release|Any CPU
		{CFCD6872-A0AD-4EB1-AFB8-9C89C77D1B27}.Release|Any CPU.Build.0 = Release|Any CPU
		{AE5E1BF6-61AA-456A-BAE8-31FB979BBB69}.Debug|Any CPU.ActiveCfg = Debug|Any CPU
		{AE5E1BF6-61AA-456A-BAE8-31FB979BBB69}.Debug|Any CPU.Build.0 = Debug|Any CPU
		{AE5E1BF6-61AA-456A-BAE8-31FB979BBB69}.Release|Any CPU.ActiveCfg = Release|Any CPU
		{AE5E1BF6-61AA-456A-BAE8-31FB979BBB69}.Release|Any CPU.Build.0 = Release|Any CPU
		{9F843C6D-3D9D-4D98-B670-37D8360D2474}.Debug|Any CPU.ActiveCfg = Debug|Any CPU
		{9F843C6D-3D9D-4D98-B670-37D8360D2474}.Debug|Any CPU.Build.0 = Debug|Any CPU
		{9F843C6D-3D9D-4D98-B670-37D8360D2474}.Debug|Any CPU.Deploy.0 = Debug|Any CPU
		{9F843C6D-3D9D-4D98-B670-37D8360D2474}.Release|Any CPU.ActiveCfg = Release|Any CPU
		{9F843C6D-3D9D-4D98-B670-37D8360D2474}.Release|Any CPU.Build.0 = Release|Any CPU
	EndGlobalSection
	GlobalSection(SolutionProperties) = preSolution
		HideSolutionNode = FALSE
	EndGlobalSection
	GlobalSection(NestedProjects) = preSolution
		{00CBECFA-50B6-4268-8B9B-485E4DF738AE} = {600391C3-D92F-4628-BD16-AA2C2DAD18EA}
		{62BC2DFA-E037-42B9-A5AE-E73789275EEC} = {600391C3-D92F-4628-BD16-AA2C2DAD18EA}
		{B73E700E-2485-4A10-8B05-CCEA53329B34} = {600391C3-D92F-4628-BD16-AA2C2DAD18EA}
		{AFB9B153-F509-4E09-AA60-FDAC5E6F5D55} = {0E702A6D-2587-4D04-920F-6362AD4F316B}
		{805A98FE-5380-4B29-A62A-1E90AC77807F} = {0E702A6D-2587-4D04-920F-6362AD4F316B}
		{7A461A1C-0478-4B50-8D1E-E1F177F39BCA} = {0E702A6D-2587-4D04-920F-6362AD4F316B}
		{29950351-0ED5-4C09-B8ED-C7A53547FD7F} = {0E702A6D-2587-4D04-920F-6362AD4F316B}
		{D6194895-0143-48ED-AB5F-2B069C164B86} = {0E702A6D-2587-4D04-920F-6362AD4F316B}
		{8D75FC03-0666-4CBA-86CE-941C98B782C8} = {0E702A6D-2587-4D04-920F-6362AD4F316B}
		{63907CC0-DD01-411B-8898-1A1245FDBEE9} = {0E702A6D-2587-4D04-920F-6362AD4F316B}
		{CFCD6872-A0AD-4EB1-AFB8-9C89C77D1B27} = {0E702A6D-2587-4D04-920F-6362AD4F316B}
		{AE5E1BF6-61AA-456A-BAE8-31FB979BBB69} = {1323AA08-F91F-4131-A0C3-C55C9FC6B490}
		{9F843C6D-3D9D-4D98-B670-37D8360D2474} = {600391C3-D92F-4628-BD16-AA2C2DAD18EA}
	EndGlobalSection
	GlobalSection(ExtensibilityGlobals) = postSolution
		SolutionGuid = {9CF1C0BE-1DAB-436D-B86A-98B182ABACEB}
	EndGlobalSection
EndGlobal
